// !$*UTF8*$!
{
	archiveVersion = 1;
	classes = {
	};
	objectVersion = 50;
	objects = {

/* Begin PBXBuildFile section */
		1058E1C823C79C1F0030B2CB /* AppDelegate.swift in Sources */ = {isa = PBXBuildFile; fileRef = 1058E1C723C79C1F0030B2CB /* AppDelegate.swift */; };
		1058E1CA23C79C1F0030B2CB /* SceneDelegate.swift in Sources */ = {isa = PBXBuildFile; fileRef = 1058E1C923C79C1F0030B2CB /* SceneDelegate.swift */; };
		1058E1CC23C79C1F0030B2CB /* ViewController.swift in Sources */ = {isa = PBXBuildFile; fileRef = 1058E1CB23C79C1F0030B2CB /* ViewController.swift */; };
		1058E1CF23C79C1F0030B2CB /* Main.storyboard in Resources */ = {isa = PBXBuildFile; fileRef = 1058E1CD23C79C1F0030B2CB /* Main.storyboard */; };
		1058E1D123C79C220030B2CB /* Assets.xcassets in Resources */ = {isa = PBXBuildFile; fileRef = 1058E1D023C79C220030B2CB /* Assets.xcassets */; };
		1058E1D423C79C220030B2CB /* LaunchScreen.storyboard in Resources */ = {isa = PBXBuildFile; fileRef = 1058E1D223C79C220030B2CB /* LaunchScreen.storyboard */; };
		1058E1D923C79C230030B2CB /* currencyConverter WatchKit App.app in Embed Watch Content */ = {isa = PBXBuildFile; fileRef = 1058E1D823C79C230030B2CB /* currencyConverter WatchKit App.app */; settings = {ATTRIBUTES = (RemoveHeadersOnCopy, ); }; };
		1058E1DF23C79C230030B2CB /* Interface.storyboard in Resources */ = {isa = PBXBuildFile; fileRef = 1058E1DD23C79C230030B2CB /* Interface.storyboard */; };
		1058E1E123C79C240030B2CB /* Assets.xcassets in Resources */ = {isa = PBXBuildFile; fileRef = 1058E1E023C79C240030B2CB /* Assets.xcassets */; };
		1058E1E823C79C240030B2CB /* currencyConverter WatchKit Extension.appex in Embed App Extensions */ = {isa = PBXBuildFile; fileRef = 1058E1E723C79C240030B2CB /* currencyConverter WatchKit Extension.appex */; settings = {ATTRIBUTES = (RemoveHeadersOnCopy, ); }; };
		1058E1ED23C79C240030B2CB /* InterfaceController.swift in Sources */ = {isa = PBXBuildFile; fileRef = 1058E1EC23C79C240030B2CB /* InterfaceController.swift */; };
		1058E1EF23C79C240030B2CB /* ExtensionDelegate.swift in Sources */ = {isa = PBXBuildFile; fileRef = 1058E1EE23C79C240030B2CB /* ExtensionDelegate.swift */; };
		1058E1F123C79C250030B2CB /* Assets.xcassets in Resources */ = {isa = PBXBuildFile; fileRef = 1058E1F023C79C250030B2CB /* Assets.xcassets */; };
/* End PBXBuildFile section */

/* Begin PBXContainerItemProxy section */
		1058E1DA23C79C230030B2CB /* PBXContainerItemProxy */ = {
			isa = PBXContainerItemProxy;
			containerPortal = 1058E1BC23C79C1F0030B2CB /* Project object */;
			proxyType = 1;
			remoteGlobalIDString = 1058E1D723C79C230030B2CB;
			remoteInfo = "currencyConverter WatchKit App";
		};
		1058E1E923C79C240030B2CB /* PBXContainerItemProxy */ = {
			isa = PBXContainerItemProxy;
			containerPortal = 1058E1BC23C79C1F0030B2CB /* Project object */;
			proxyType = 1;
			remoteGlobalIDString = 1058E1E623C79C240030B2CB;
			remoteInfo = "currencyConverter WatchKit Extension";
		};
/* End PBXContainerItemProxy section */

/* Begin PBXCopyFilesBuildPhase section */
		1058E1F823C79C250030B2CB /* Embed App Extensions */ = {
			isa = PBXCopyFilesBuildPhase;
			buildActionMask = 2147483647;
			dstPath = "";
			dstSubfolderSpec = 13;
			files = (
				1058E1E823C79C240030B2CB /* currencyConverter WatchKit Extension.appex in Embed App Extensions */,
			);
			name = "Embed App Extensions";
			runOnlyForDeploymentPostprocessing = 0;
		};
		1058E1FC23C79C250030B2CB /* Embed Watch Content */ = {
			isa = PBXCopyFilesBuildPhase;
			buildActionMask = 2147483647;
			dstPath = "$(CONTENTS_FOLDER_PATH)/Watch";
			dstSubfolderSpec = 16;
			files = (
				1058E1D923C79C230030B2CB /* currencyConverter WatchKit App.app in Embed Watch Content */,
			);
			name = "Embed Watch Content";
			runOnlyForDeploymentPostprocessing = 0;
		};
/* End PBXCopyFilesBuildPhase section */

/* Begin PBXFileReference section */
		1058E1C423C79C1F0030B2CB /* currencyConverter.app */ = {isa = PBXFileReference; explicitFileType = wrapper.application; includeInIndex = 0; path = currencyConverter.app; sourceTree = BUILT_PRODUCTS_DIR; };
		1058E1C723C79C1F0030B2CB /* AppDelegate.swift */ = {isa = PBXFileReference; lastKnownFileType = sourcecode.swift; path = AppDelegate.swift; sourceTree = "<group>"; };
		1058E1C923C79C1F0030B2CB /* SceneDelegate.swift */ = {isa = PBXFileReference; lastKnownFileType = sourcecode.swift; path = SceneDelegate.swift; sourceTree = "<group>"; };
		1058E1CB23C79C1F0030B2CB /* ViewController.swift */ = {isa = PBXFileReference; lastKnownFileType = sourcecode.swift; path = ViewController.swift; sourceTree = "<group>"; };
		1058E1CE23C79C1F0030B2CB /* Base */ = {isa = PBXFileReference; lastKnownFileType = file.storyboard; name = Base; path = Base.lproj/Main.storyboard; sourceTree = "<group>"; };
		1058E1D023C79C220030B2CB /* Assets.xcassets */ = {isa = PBXFileReference; lastKnownFileType = folder.assetcatalog; path = Assets.xcassets; sourceTree = "<group>"; };
		1058E1D323C79C220030B2CB /* Base */ = {isa = PBXFileReference; lastKnownFileType = file.storyboard; name = Base; path = Base.lproj/LaunchScreen.storyboard; sourceTree = "<group>"; };
		1058E1D523C79C220030B2CB /* Info.plist */ = {isa = PBXFileReference; lastKnownFileType = text.plist.xml; path = Info.plist; sourceTree = "<group>"; };
		1058E1D823C79C230030B2CB /* currencyConverter WatchKit App.app */ = {isa = PBXFileReference; explicitFileType = wrapper.application; includeInIndex = 0; path = "currencyConverter WatchKit App.app"; sourceTree = BUILT_PRODUCTS_DIR; };
		1058E1DE23C79C230030B2CB /* Base */ = {isa = PBXFileReference; lastKnownFileType = file.storyboard; name = Base; path = Base.lproj/Interface.storyboard; sourceTree = "<group>"; };
		1058E1E023C79C240030B2CB /* Assets.xcassets */ = {isa = PBXFileReference; lastKnownFileType = folder.assetcatalog; path = Assets.xcassets; sourceTree = "<group>"; };
		1058E1E223C79C240030B2CB /* Info.plist */ = {isa = PBXFileReference; lastKnownFileType = text.plist.xml; path = Info.plist; sourceTree = "<group>"; };
		1058E1E723C79C240030B2CB /* currencyConverter WatchKit Extension.appex */ = {isa = PBXFileReference; explicitFileType = "wrapper.app-extension"; includeInIndex = 0; path = "currencyConverter WatchKit Extension.appex"; sourceTree = BUILT_PRODUCTS_DIR; };
		1058E1EC23C79C240030B2CB /* InterfaceController.swift */ = {isa = PBXFileReference; lastKnownFileType = sourcecode.swift; path = InterfaceController.swift; sourceTree = "<group>"; };
		1058E1EE23C79C240030B2CB /* ExtensionDelegate.swift */ = {isa = PBXFileReference; lastKnownFileType = sourcecode.swift; path = ExtensionDelegate.swift; sourceTree = "<group>"; };
		1058E1F023C79C250030B2CB /* Assets.xcassets */ = {isa = PBXFileReference; lastKnownFileType = folder.assetcatalog; path = Assets.xcassets; sourceTree = "<group>"; };
		1058E1F223C79C250030B2CB /* Info.plist */ = {isa = PBXFileReference; lastKnownFileType = text.plist.xml; path = Info.plist; sourceTree = "<group>"; };
/* End PBXFileReference section */

/* Begin PBXFrameworksBuildPhase section */
		1058E1C123C79C1F0030B2CB /* Frameworks */ = {
			isa = PBXFrameworksBuildPhase;
			buildActionMask = 2147483647;
			files = (
			);
			runOnlyForDeploymentPostprocessing = 0;
		};
		1058E1E423C79C240030B2CB /* Frameworks */ = {
			isa = PBXFrameworksBuildPhase;
			buildActionMask = 2147483647;
			files = (
			);
			runOnlyForDeploymentPostprocessing = 0;
		};
/* End PBXFrameworksBuildPhase section */

/* Begin PBXGroup section */
		1058E1BB23C79C1F0030B2CB = {
			isa = PBXGroup;
			children = (
				1058E1C623C79C1F0030B2CB /* currencyConverter */,
				1058E1DC23C79C230030B2CB /* currencyConverter WatchKit App */,
				1058E1EB23C79C240030B2CB /* currencyConverter WatchKit Extension */,
				1058E1C523C79C1F0030B2CB /* Products */,
			);
			sourceTree = "<group>";
		};
		1058E1C523C79C1F0030B2CB /* Products */ = {
			isa = PBXGroup;
			children = (
				1058E1C423C79C1F0030B2CB /* currencyConverter.app */,
				1058E1D823C79C230030B2CB /* currencyConverter WatchKit App.app */,
				1058E1E723C79C240030B2CB /* currencyConverter WatchKit Extension.appex */,
			);
			name = Products;
			sourceTree = "<group>";
		};
		1058E1C623C79C1F0030B2CB /* currencyConverter */ = {
			isa = PBXGroup;
			children = (
				1058E1C723C79C1F0030B2CB /* AppDelegate.swift */,
				1058E1C923C79C1F0030B2CB /* SceneDelegate.swift */,
				1058E1CB23C79C1F0030B2CB /* ViewController.swift */,
				1058E1CD23C79C1F0030B2CB /* Main.storyboard */,
				1058E1D023C79C220030B2CB /* Assets.xcassets */,
				1058E1D223C79C220030B2CB /* LaunchScreen.storyboard */,
				1058E1D523C79C220030B2CB /* Info.plist */,
			);
			path = currencyConverter;
			sourceTree = "<group>";
		};
		1058E1DC23C79C230030B2CB /* currencyConverter WatchKit App */ = {
			isa = PBXGroup;
			children = (
				1058E1DD23C79C230030B2CB /* Interface.storyboard */,
				1058E1E023C79C240030B2CB /* Assets.xcassets */,
				1058E1E223C79C240030B2CB /* Info.plist */,
			);
			path = "currencyConverter WatchKit App";
			sourceTree = "<group>";
		};
		1058E1EB23C79C240030B2CB /* currencyConverter WatchKit Extension */ = {
			isa = PBXGroup;
			children = (
				1058E1EC23C79C240030B2CB /* InterfaceController.swift */,
				1058E1EE23C79C240030B2CB /* ExtensionDelegate.swift */,
				1058E1F023C79C250030B2CB /* Assets.xcassets */,
				1058E1F223C79C250030B2CB /* Info.plist */,
			);
			path = "currencyConverter WatchKit Extension";
			sourceTree = "<group>";
		};
/* End PBXGroup section */

/* Begin PBXNativeTarget section */
		1058E1C323C79C1F0030B2CB /* currencyConverter */ = {
			isa = PBXNativeTarget;
			buildConfigurationList = 1058E1FD23C79C250030B2CB /* Build configuration list for PBXNativeTarget "currencyConverter" */;
			buildPhases = (
				1058E1C023C79C1F0030B2CB /* Sources */,
				1058E1C123C79C1F0030B2CB /* Frameworks */,
				1058E1C223C79C1F0030B2CB /* Resources */,
				1058E1FC23C79C250030B2CB /* Embed Watch Content */,
			);
			buildRules = (
			);
			dependencies = (
				1058E1DB23C79C230030B2CB /* PBXTargetDependency */,
			);
			name = currencyConverter;
			productName = currencyConverter;
			productReference = 1058E1C423C79C1F0030B2CB /* currencyConverter.app */;
			productType = "com.apple.product-type.application";
		};
		1058E1D723C79C230030B2CB /* currencyConverter WatchKit App */ = {
			isa = PBXNativeTarget;
			buildConfigurationList = 1058E1F923C79C250030B2CB /* Build configuration list for PBXNativeTarget "currencyConverter WatchKit App" */;
			buildPhases = (
				1058E1D623C79C230030B2CB /* Resources */,
				1058E1F823C79C250030B2CB /* Embed App Extensions */,
			);
			buildRules = (
			);
			dependencies = (
				1058E1EA23C79C240030B2CB /* PBXTargetDependency */,
			);
			name = "currencyConverter WatchKit App";
			productName = "currencyConverter WatchKit App";
			productReference = 1058E1D823C79C230030B2CB /* currencyConverter WatchKit App.app */;
			productType = "com.apple.product-type.application.watchapp2";
		};
		1058E1E623C79C240030B2CB /* currencyConverter WatchKit Extension */ = {
			isa = PBXNativeTarget;
			buildConfigurationList = 1058E1F523C79C250030B2CB /* Build configuration list for PBXNativeTarget "currencyConverter WatchKit Extension" */;
			buildPhases = (
				1058E1E323C79C240030B2CB /* Sources */,
				1058E1E423C79C240030B2CB /* Frameworks */,
				1058E1E523C79C240030B2CB /* Resources */,
			);
			buildRules = (
			);
			dependencies = (
			);
			name = "currencyConverter WatchKit Extension";
			productName = "currencyConverter WatchKit Extension";
			productReference = 1058E1E723C79C240030B2CB /* currencyConverter WatchKit Extension.appex */;
			productType = "com.apple.product-type.watchkit2-extension";
		};
/* End PBXNativeTarget section */

/* Begin PBXProject section */
		1058E1BC23C79C1F0030B2CB /* Project object */ = {
			isa = PBXProject;
			attributes = {
				LastSwiftUpdateCheck = 1130;
				LastUpgradeCheck = 1130;
				ORGANIZATIONNAME = "Armando Carrillo";
				TargetAttributes = {
					1058E1C323C79C1F0030B2CB = {
						CreatedOnToolsVersion = 11.3;
					};
					1058E1D723C79C230030B2CB = {
						CreatedOnToolsVersion = 11.3;
					};
					1058E1E623C79C240030B2CB = {
						CreatedOnToolsVersion = 11.3;
					};
				};
			};
			buildConfigurationList = 1058E1BF23C79C1F0030B2CB /* Build configuration list for PBXProject "currencyConverter" */;
			compatibilityVersion = "Xcode 9.3";
			developmentRegion = en;
			hasScannedForEncodings = 0;
			knownRegions = (
				en,
				Base,
			);
			mainGroup = 1058E1BB23C79C1F0030B2CB;
			productRefGroup = 1058E1C523C79C1F0030B2CB /* Products */;
			projectDirPath = "";
			projectRoot = "";
			targets = (
				1058E1C323C79C1F0030B2CB /* currencyConverter */,
				1058E1D723C79C230030B2CB /* currencyConverter WatchKit App */,
				1058E1E623C79C240030B2CB /* currencyConverter WatchKit Extension */,
			);
		};
/* End PBXProject section */

/* Begin PBXResourcesBuildPhase section */
		1058E1C223C79C1F0030B2CB /* Resources */ = {
			isa = PBXResourcesBuildPhase;
			buildActionMask = 2147483647;
			files = (
				1058E1D423C79C220030B2CB /* LaunchScreen.storyboard in Resources */,
				1058E1D123C79C220030B2CB /* Assets.xcassets in Resources */,
				1058E1CF23C79C1F0030B2CB /* Main.storyboard in Resources */,
			);
			runOnlyForDeploymentPostprocessing = 0;
		};
		1058E1D623C79C230030B2CB /* Resources */ = {
			isa = PBXResourcesBuildPhase;
			buildActionMask = 2147483647;
			files = (
				1058E1E123C79C240030B2CB /* Assets.xcassets in Resources */,
				1058E1DF23C79C230030B2CB /* Interface.storyboard in Resources */,
			);
			runOnlyForDeploymentPostprocessing = 0;
		};
		1058E1E523C79C240030B2CB /* Resources */ = {
			isa = PBXResourcesBuildPhase;
			buildActionMask = 2147483647;
			files = (
				1058E1F123C79C250030B2CB /* Assets.xcassets in Resources */,
			);
			runOnlyForDeploymentPostprocessing = 0;
		};
/* End PBXResourcesBuildPhase section */

/* Begin PBXSourcesBuildPhase section */
		1058E1C023C79C1F0030B2CB /* Sources */ = {
			isa = PBXSourcesBuildPhase;
			buildActionMask = 2147483647;
			files = (
				1058E1CC23C79C1F0030B2CB /* ViewController.swift in Sources */,
				1058E1C823C79C1F0030B2CB /* AppDelegate.swift in Sources */,
				1058E1CA23C79C1F0030B2CB /* SceneDelegate.swift in Sources */,
			);
			runOnlyForDeploymentPostprocessing = 0;
		};
		1058E1E323C79C240030B2CB /* Sources */ = {
			isa = PBXSourcesBuildPhase;
			buildActionMask = 2147483647;
			files = (
				1058E1EF23C79C240030B2CB /* ExtensionDelegate.swift in Sources */,
				1058E1ED23C79C240030B2CB /* InterfaceController.swift in Sources */,
			);
			runOnlyForDeploymentPostprocessing = 0;
		};
/* End PBXSourcesBuildPhase section */

/* Begin PBXTargetDependency section */
		1058E1DB23C79C230030B2CB /* PBXTargetDependency */ = {
			isa = PBXTargetDependency;
			target = 1058E1D723C79C230030B2CB /* currencyConverter WatchKit App */;
			targetProxy = 1058E1DA23C79C230030B2CB /* PBXContainerItemProxy */;
		};
		1058E1EA23C79C240030B2CB /* PBXTargetDependency */ = {
			isa = PBXTargetDependency;
			target = 1058E1E623C79C240030B2CB /* currencyConverter WatchKit Extension */;
			targetProxy = 1058E1E923C79C240030B2CB /* PBXContainerItemProxy */;
		};
/* End PBXTargetDependency section */

/* Begin PBXVariantGroup section */
		1058E1CD23C79C1F0030B2CB /* Main.storyboard */ = {
			isa = PBXVariantGroup;
			children = (
				1058E1CE23C79C1F0030B2CB /* Base */,
			);
			name = Main.storyboard;
			sourceTree = "<group>";
		};
		1058E1D223C79C220030B2CB /* LaunchScreen.storyboard */ = {
			isa = PBXVariantGroup;
			children = (
				1058E1D323C79C220030B2CB /* Base */,
			);
			name = LaunchScreen.storyboard;
			sourceTree = "<group>";
		};
		1058E1DD23C79C230030B2CB /* Interface.storyboard */ = {
			isa = PBXVariantGroup;
			children = (
				1058E1DE23C79C230030B2CB /* Base */,
			);
			name = Interface.storyboard;
			sourceTree = "<group>";
		};
/* End PBXVariantGroup section */

/* Begin XCBuildConfiguration section */
		1058E1F323C79C250030B2CB /* Debug */ = {
			isa = XCBuildConfiguration;
			buildSettings = {
				ALWAYS_SEARCH_USER_PATHS = NO;
				CLANG_ANALYZER_NONNULL = YES;
				CLANG_ANALYZER_NUMBER_OBJECT_CONVERSION = YES_AGGRESSIVE;
				CLANG_CXX_LANGUAGE_STANDARD = "gnu++14";
				CLANG_CXX_LIBRARY = "libc++";
				CLANG_ENABLE_MODULES = YES;
				CLANG_ENABLE_OBJC_ARC = YES;
				CLANG_ENABLE_OBJC_WEAK = YES;
				CLANG_WARN_BLOCK_CAPTURE_AUTORELEASING = YES;
				CLANG_WARN_BOOL_CONVERSION = YES;
				CLANG_WARN_COMMA = YES;
				CLANG_WARN_CONSTANT_CONVERSION = YES;
				CLANG_WARN_DEPRECATED_OBJC_IMPLEMENTATIONS = YES;
				CLANG_WARN_DIRECT_OBJC_ISA_USAGE = YES_ERROR;
				CLANG_WARN_DOCUMENTATION_COMMENTS = YES;
				CLANG_WARN_EMPTY_BODY = YES;
				CLANG_WARN_ENUM_CONVERSION = YES;
				CLANG_WARN_INFINITE_RECURSION = YES;
				CLANG_WARN_INT_CONVERSION = YES;
				CLANG_WARN_NON_LITERAL_NULL_CONVERSION = YES;
				CLANG_WARN_OBJC_IMPLICIT_RETAIN_SELF = YES;
				CLANG_WARN_OBJC_LITERAL_CONVERSION = YES;
				CLANG_WARN_OBJC_ROOT_CLASS = YES_ERROR;
				CLANG_WARN_RANGE_LOOP_ANALYSIS = YES;
				CLANG_WARN_STRICT_PROTOTYPES = YES;
				CLANG_WARN_SUSPICIOUS_MOVE = YES;
				CLANG_WARN_UNGUARDED_AVAILABILITY = YES_AGGRESSIVE;
				CLANG_WARN_UNREACHABLE_CODE = YES;
				CLANG_WARN__DUPLICATE_METHOD_MATCH = YES;
				COPY_PHASE_STRIP = NO;
				DEBUG_INFORMATION_FORMAT = dwarf;
				ENABLE_STRICT_OBJC_MSGSEND = YES;
				ENABLE_TESTABILITY = YES;
				GCC_C_LANGUAGE_STANDARD = gnu11;
				GCC_DYNAMIC_NO_PIC = NO;
				GCC_NO_COMMON_BLOCKS = YES;
				GCC_OPTIMIZATION_LEVEL = 0;
				GCC_PREPROCESSOR_DEFINITIONS = (
					"DEBUG=1",
					"$(inherited)",
				);
				GCC_WARN_64_TO_32_BIT_CONVERSION = YES;
				GCC_WARN_ABOUT_RETURN_TYPE = YES_ERROR;
				GCC_WARN_UNDECLARED_SELECTOR = YES;
				GCC_WARN_UNINITIALIZED_AUTOS = YES_AGGRESSIVE;
				GCC_WARN_UNUSED_FUNCTION = YES;
				GCC_WARN_UNUSED_VARIABLE = YES;
				IPHONEOS_DEPLOYMENT_TARGET = 13.2;
				MTL_ENABLE_DEBUG_INFO = INCLUDE_SOURCE;
				MTL_FAST_MATH = YES;
				ONLY_ACTIVE_ARCH = YES;
				SDKROOT = iphoneos;
				SWIFT_ACTIVE_COMPILATION_CONDITIONS = DEBUG;
				SWIFT_OPTIMIZATION_LEVEL = "-Onone";
			};
			name = Debug;
		};
		1058E1F423C79C250030B2CB /* Release */ = {
			isa = XCBuildConfiguration;
			buildSettings = {
				ALWAYS_SEARCH_USER_PATHS = NO;
				CLANG_ANALYZER_NONNULL = YES;
				CLANG_ANALYZER_NUMBER_OBJECT_CONVERSION = YES_AGGRESSIVE;
				CLANG_CXX_LANGUAGE_STANDARD = "gnu++14";
				CLANG_CXX_LIBRARY = "libc++";
				CLANG_ENABLE_MODULES = YES;
				CLANG_ENABLE_OBJC_ARC = YES;
				CLANG_ENABLE_OBJC_WEAK = YES;
				CLANG_WARN_BLOCK_CAPTURE_AUTORELEASING = YES;
				CLANG_WARN_BOOL_CONVERSION = YES;
				CLANG_WARN_COMMA = YES;
				CLANG_WARN_CONSTANT_CONVERSION = YES;
				CLANG_WARN_DEPRECATED_OBJC_IMPLEMENTATIONS = YES;
				CLANG_WARN_DIRECT_OBJC_ISA_USAGE = YES_ERROR;
				CLANG_WARN_DOCUMENTATION_COMMENTS = YES;
				CLANG_WARN_EMPTY_BODY = YES;
				CLANG_WARN_ENUM_CONVERSION = YES;
				CLANG_WARN_INFINITE_RECURSION = YES;
				CLANG_WARN_INT_CONVERSION = YES;
				CLANG_WARN_NON_LITERAL_NULL_CONVERSION = YES;
				CLANG_WARN_OBJC_IMPLICIT_RETAIN_SELF = YES;
				CLANG_WARN_OBJC_LITERAL_CONVERSION = YES;
				CLANG_WARN_OBJC_ROOT_CLASS = YES_ERROR;
				CLANG_WARN_RANGE_LOOP_ANALYSIS = YES;
				CLANG_WARN_STRICT_PROTOTYPES = YES;
				CLANG_WARN_SUSPICIOUS_MOVE = YES;
				CLANG_WARN_UNGUARDED_AVAILABILITY = YES_AGGRESSIVE;
				CLANG_WARN_UNREACHABLE_CODE = YES;
				CLANG_WARN__DUPLICATE_METHOD_MATCH = YES;
				COPY_PHASE_STRIP = NO;
				DEBUG_INFORMATION_FORMAT = "dwarf-with-dsym";
				ENABLE_NS_ASSERTIONS = NO;
				ENABLE_STRICT_OBJC_MSGSEND = YES;
				GCC_C_LANGUAGE_STANDARD = gnu11;
				GCC_NO_COMMON_BLOCKS = YES;
				GCC_WARN_64_TO_32_BIT_CONVERSION = YES;
				GCC_WARN_ABOUT_RETURN_TYPE = YES_ERROR;
				GCC_WARN_UNDECLARED_SELECTOR = YES;
				GCC_WARN_UNINITIALIZED_AUTOS = YES_AGGRESSIVE;
				GCC_WARN_UNUSED_FUNCTION = YES;
				GCC_WARN_UNUSED_VARIABLE = YES;
				IPHONEOS_DEPLOYMENT_TARGET = 13.2;
				MTL_ENABLE_DEBUG_INFO = NO;
				MTL_FAST_MATH = YES;
				SDKROOT = iphoneos;
				SWIFT_COMPILATION_MODE = wholemodule;
				SWIFT_OPTIMIZATION_LEVEL = "-O";
				VALIDATE_PRODUCT = YES;
			};
			name = Release;
		};
		1058E1F623C79C250030B2CB /* Debug */ = {
			isa = XCBuildConfiguration;
			buildSettings = {
				ASSETCATALOG_COMPILER_COMPLICATION_NAME = Complication;
				CODE_SIGN_STYLE = Automatic;
				DEVELOPMENT_TEAM = HMTQUL7LT8;
				INFOPLIST_FILE = "currencyConverter WatchKit Extension/Info.plist";
				LD_RUNPATH_SEARCH_PATHS = (
					"$(inherited)",
					"@executable_path/Frameworks",
					"@executable_path/../../Frameworks",
				);
				PRODUCT_BUNDLE_IDENTIFIER = com.mx.armandocarrillo.currencyConverter.watchkitapp.watchkitextension;
				PRODUCT_NAME = "${TARGET_NAME}";
				SDKROOT = watchos;
				SKIP_INSTALL = YES;
				SWIFT_VERSION = 5.0;
				TARGETED_DEVICE_FAMILY = 4;
				WATCHOS_DEPLOYMENT_TARGET = 6.1;
			};
			name = Debug;
		};
		1058E1F723C79C250030B2CB /* Release */ = {
			isa = XCBuildConfiguration;
			buildSettings = {
				ASSETCATALOG_COMPILER_COMPLICATION_NAME = Complication;
				CODE_SIGN_STYLE = Automatic;
				DEVELOPMENT_TEAM = HMTQUL7LT8;
				INFOPLIST_FILE = "currencyConverter WatchKit Extension/Info.plist";
				LD_RUNPATH_SEARCH_PATHS = (
					"$(inherited)",
					"@executable_path/Frameworks",
					"@executable_path/../../Frameworks",
				);
				PRODUCT_BUNDLE_IDENTIFIER = com.mx.armandocarrillo.currencyConverter.watchkitapp.watchkitextension;
				PRODUCT_NAME = "${TARGET_NAME}";
				SDKROOT = watchos;
				SKIP_INSTALL = YES;
				SWIFT_VERSION = 5.0;
				TARGETED_DEVICE_FAMILY = 4;
				WATCHOS_DEPLOYMENT_TARGET = 6.1;
			};
			name = Release;
		};
		1058E1FA23C79C250030B2CB /* Debug */ = {
			isa = XCBuildConfiguration;
			buildSettings = {
				ALWAYS_EMBED_SWIFT_STANDARD_LIBRARIES = YES;
				ASSETCATALOG_COMPILER_APPICON_NAME = AppIcon;
				CODE_SIGN_STYLE = Automatic;
				DEVELOPMENT_TEAM = HMTQUL7LT8;
				IBSC_MODULE = currencyConverter_WatchKit_Extension;
				INFOPLIST_FILE = "currencyConverter WatchKit App/Info.plist";
				PRODUCT_BUNDLE_IDENTIFIER = com.mx.armandocarrillo.currencyConverter.watchkitapp;
				PRODUCT_NAME = "$(TARGET_NAME)";
				SDKROOT = watchos;
				SKIP_INSTALL = YES;
				SWIFT_VERSION = 5.0;
				TARGETED_DEVICE_FAMILY = 4;
				WATCHOS_DEPLOYMENT_TARGET = 6.1;
			};
			name = Debug;
		};
		1058E1FB23C79C250030B2CB /* Release */ = {
			isa = XCBuildConfiguration;
			buildSettings = {
				ALWAYS_EMBED_SWIFT_STANDARD_LIBRARIES = YES;
				ASSETCATALOG_COMPILER_APPICON_NAME = AppIcon;
				CODE_SIGN_STYLE = Automatic;
				DEVELOPMENT_TEAM = HMTQUL7LT8;
				IBSC_MODULE = currencyConverter_WatchKit_Extension;
				INFOPLIST_FILE = "currencyConverter WatchKit App/Info.plist";
				PRODUCT_BUNDLE_IDENTIFIER = com.mx.armandocarrillo.currencyConverter.watchkitapp;
				PRODUCT_NAME = "$(TARGET_NAME)";
				SDKROOT = watchos;
				SKIP_INSTALL = YES;
				SWIFT_VERSION = 5.0;
				TARGETED_DEVICE_FAMILY = 4;
				WATCHOS_DEPLOYMENT_TARGET = 6.1;
			};
			name = Release;
		};
		1058E1FE23C79C250030B2CB /* Debug */ = {
			isa = XCBuildConfiguration;
			buildSettings = {
				ASSETCATALOG_COMPILER_APPICON_NAME = AppIcon;
				CODE_SIGN_STYLE = Automatic;
				DEVELOPMENT_TEAM = HMTQUL7LT8;
				INFOPLIST_FILE = currencyConverter/Info.plist;
				LD_RUNPATH_SEARCH_PATHS = (
					"$(inherited)",
					"@executable_path/Frameworks",
				);
				PRODUCT_BUNDLE_IDENTIFIER = com.mx.armandocarrillo.currencyConverter;
				PRODUCT_NAME = "$(TARGET_NAME)";
				SWIFT_VERSION = 5.0;
				TARGETED_DEVICE_FAMILY = "1,2";
			};
			name = Debug;
		};
		1058E1FF23C79C250030B2CB /* Release */ = {
			isa = XCBuildConfiguration;
			buildSettings = {
				ASSETCATALOG_COMPILER_APPICON_NAME = AppIcon;
				CODE_SIGN_STYLE = Automatic;
				DEVELOPMENT_TEAM = HMTQUL7LT8;
				INFOPLIST_FILE = currencyConverter/Info.plist;
				LD_RUNPATH_SEARCH_PATHS = (
					"$(inherited)",
					"@executable_path/Frameworks",
				);
				PRODUCT_BUNDLE_IDENTIFIER = com.mx.armandocarrillo.currencyConverter;
				PRODUCT_NAME = "$(TARGET_NAME)";
				SWIFT_VERSION = 5.0;
				TARGETED_DEVICE_FAMILY = "1,2";
			};
			name = Release;
		};
/* End XCBuildConfiguration section */

/* Begin XCConfigurationList section */
		1058E1BF23C79C1F0030B2CB /* Build configuration list for PBXProject "currencyConverter" */ = {
			isa = XCConfigurationList;
			buildConfigurations = (
				1058E1F323C79C250030B2CB /* Debug */,
				1058E1F423C79C250030B2CB /* Release */,
			);
			defaultConfigurationIsVisible = 0;
			defaultConfigurationName = Release;
		};
		1058E1F523C79C250030B2CB /* Build configuration list for PBXNativeTarget "currencyConverter WatchKit Extension" */ = {
			isa = XCConfigurationList;
			buildConfigurations = (
				1058E1F623C79C250030B2CB /* Debug */,
				1058E1F723C79C250030B2CB /* Release */,
			);
			defaultConfigurationIsVisible = 0;
			defaultConfigurationName = Release;
		};
		1058E1F923C79C250030B2CB /* Build configuration list for PBXNativeTarget "currencyConverter WatchKit App" */ = {
			isa = XCConfigurationList;
			buildConfigurations = (
				1058E1FA23C79C250030B2CB /* Debug */,
				1058E1FB23C79C250030B2CB /* Release */,
			);
			defaultConfigurationIsVisible = 0;
			defaultConfigurationName = Release;
		};
		1058E1FD23C79C250030B2CB /* Build configuration list for PBXNativeTarget "currencyConverter" */ = {
			isa = XCConfigurationList;
			buildConfigurations = (
				1058E1FE23C79C250030B2CB /* Debug */,
				1058E1FF23C79C250030B2CB /* Release */,
			);
			defaultConfigurationIsVisible = 0;
			defaultConfigurationName = Release;
		};
/* End XCConfigurationList section */
	};
	rootObject = 1058E1BC23C79C1F0030B2CB /* Project object */;
}
